
Microsoft Visual Studio Solution File, Format Version 12.00
# Visual Studio Version 17
VisualStudioVersion = 17.4.33205.214
MinimumVisualStudioVersion = 10.0.40219.1
Project("{FAE04EC0-301F-11D3-BF4B-00C04F79EFBC}") = "Anket_2", "Anket_2\Anket_2.csproj", "{5FB53225-75E9-4AC3-9571-7584EB8C8828}"
EndProject
Global
	GlobalSection(SolutionConfigurationPlatforms) = preSolution
		Debug|Any CPU = Debug|Any CPU
		Release|Any CPU = Release|Any CPU
	EndGlobalSection
	GlobalSection(ProjectConfigurationPlatforms) = postSolution
		{5FB53225-75E9-4AC3-9571-7584EB8C8828}.Debug|Any CPU.ActiveCfg = Debug|Any CPU
		{5FB53225-75E9-4AC3-9571-7584EB8C8828}.Debug|Any CPU.Build.0 = Debug|Any CPU
		{5FB53225-75E9-4AC3-9571-7584EB8C8828}.Release|Any CPU.ActiveCfg = Release|Any CPU
		{5FB53225-75E9-4AC3-9571-7584EB8C8828}.Release|Any CPU.Build.0 = Release|Any CPU
	EndGlobalSection
	GlobalSection(SolutionProperties) = preSolution
		HideSolutionNode = FALSE
	EndGlobalSection
	GlobalSection(ExtensibilityGlobals) = postSolution
		SolutionGuid = {5F2D6FC7-3D24-400A-AC43-447F62F1A999}
	EndGlobalSection
EndGlobal
